
Microsoft Visual Studio Solution File, Format Version 12.00
# Visual Studio Version 16
VisualStudioVersion = 16.0.29519.87
MinimumVisualStudioVersion = 10.0.40219.1
Project("{151D2E53-A2C4-4D7D-83FE-D05416EBD58E}") = "ProvisionTemplate", "ProvisionTemplate\ProvisionTemplate.deployproj", "{AE9D280A-7086-43A4-8ED7-0D540F1BD679}"
EndProject
Global
	GlobalSection(SolutionConfigurationPlatforms) = preSolution
		Debug|Any CPU = Debug|Any CPU
		Release|Any CPU = Release|Any CPU
	EndGlobalSection
	GlobalSection(ProjectConfigurationPlatforms) = postSolution
		{AE9D280A-7086-43A4-8ED7-0D540F1BD679}.Debug|Any CPU.ActiveCfg = Debug|Any CPU
		{AE9D280A-7086-43A4-8ED7-0D540F1BD679}.Debug|Any CPU.Build.0 = Debug|Any CPU
		{AE9D280A-7086-43A4-8ED7-0D540F1BD679}.Release|Any CPU.ActiveCfg = Release|Any CPU
		{AE9D280A-7086-43A4-8ED7-0D540F1BD679}.Release|Any CPU.Build.0 = Release|Any CPU
	EndGlobalSection
	GlobalSection(SolutionProperties) = preSolution
		HideSolutionNode = FALSE
	EndGlobalSection
	GlobalSection(ExtensibilityGlobals) = postSolution
		SolutionGuid = {290724DA-0692-49E8-AC5A-80EF8922D9ED}
	EndGlobalSection
EndGlobal
